<Solution>
  <Project Path="src/CSweet.Agent.CreativeDirector.VideoGame/CSweet.Agent.CreativeDirector.VideoGame.csproj" />
  <Project Path="src/CSweet.VideoGame.Contracts/CSweet.VideoGame.Contracts.csproj" />
  <Project Path="tests/CSweet.Agent.CreativeDirector.VideoGame.Tests/CSweet.Agent.CreativeDirector.VideoGame.Tests.csproj" />
</Solution>
